
Microsoft Visual Studio Solution File, Format Version 12.00
# Visual Studio Version 17
VisualStudioVersion = 17.8.34330.188
MinimumVisualStudioVersion = 10.0.40219.1
Project("{FAE04EC0-301F-11D3-BF4B-00C04F79EFBC}") = "GameOfLifeGUI", "GameOfLifeGUI\GameOfLifeGUI.csproj", "{D0558C41-AC5C-4FDA-A4A0-F9AD7AE06603}"
EndProject
Global
	GlobalSection(SolutionConfigurationPlatforms) = preSolution
		Debug|Any CPU = Debug|Any CPU
		Release|Any CPU = Release|Any CPU
	EndGlobalSection
	GlobalSection(ProjectConfigurationPlatforms) = postSolution
		{D0558C41-AC5C-4FDA-A4A0-F9AD7AE06603}.Debug|Any CPU.ActiveCfg = Debug|Any CPU
		{D0558C41-AC5C-4FDA-A4A0-F9AD7AE06603}.Debug|Any CPU.Build.0 = Debug|Any CPU
		{D0558C41-AC5C-4FDA-A4A0-F9AD7AE06603}.Release|Any CPU.ActiveCfg = Release|Any CPU
		{D0558C41-AC5C-4FDA-A4A0-F9AD7AE06603}.Release|Any CPU.Build.0 = Release|Any CPU
	EndGlobalSection
	GlobalSection(SolutionProperties) = preSolution
		HideSolutionNode = FALSE
	EndGlobalSection
	GlobalSection(ExtensibilityGlobals) = postSolution
		SolutionGuid = {56096D41-B961-4B93-8A55-D7E5CC486026}
	EndGlobalSection
EndGlobal
